
Microsoft Visual Studio Solution File, Format Version 12.00
# Visual Studio Version 17
VisualStudioVersion = 17.6.33829.357
MinimumVisualStudioVersion = 10.0.40219.1
Project("{FAE04EC0-301F-11D3-BF4B-00C04F79EFBC}") = "API-HOTF-1", "API-HOTF-1\API-HOTF-1.csproj", "{75D761E5-393A-4A5F-B4CE-D5AA61DC1D15}"
EndProject
Global
	GlobalSection(SolutionConfigurationPlatforms) = preSolution
		Debug|Any CPU = Debug|Any CPU
		Release|Any CPU = Release|Any CPU
	EndGlobalSection
	GlobalSection(ProjectConfigurationPlatforms) = postSolution
		{75D761E5-393A-4A5F-B4CE-D5AA61DC1D15}.Debug|Any CPU.ActiveCfg = Debug|Any CPU
		{75D761E5-393A-4A5F-B4CE-D5AA61DC1D15}.Debug|Any CPU.Build.0 = Debug|Any CPU
		{75D761E5-393A-4A5F-B4CE-D5AA61DC1D15}.Release|Any CPU.ActiveCfg = Release|Any CPU
		{75D761E5-393A-4A5F-B4CE-D5AA61DC1D15}.Release|Any CPU.Build.0 = Release|Any CPU
	EndGlobalSection
	GlobalSection(SolutionProperties) = preSolution
		HideSolutionNode = FALSE
	EndGlobalSection
	GlobalSection(ExtensibilityGlobals) = postSolution
		SolutionGuid = {C6E94872-F7E1-42F2-90A8-D15E2A1C682D}
	EndGlobalSection
EndGlobal
